{
  "requires": true,
  "lockfileVersion": 1,
  "dependencies": {
    "adaptivecards": {
      "version": "1.3.0-alpha1",
      "resolved": "https://registry.npmjs.org/adaptivecards/-/adaptivecards-1.3.0-alpha1.tgz",
      "integrity": "sha512-V6dOox+Kzpu0NUb14FErW5JGBDLtxL3JimdA9D2scIP5O2g9t5eO/auD2RTFaag2pzBLGKBKbe06koeh1ml9RA=="
    },
    "adaptivecards-controls": {
      "version": "0.3.5",
      "resolved": "https://registry.npmjs.org/adaptivecards-controls/-/adaptivecards-controls-0.3.5.tgz",
      "integrity": "sha512-FGsMTzhVCwNb4OYGfM4/onX+SWtvtdiSAm42aZkEQzj44LugHOT48v3Xqu6TLWrXtriIjR7uNUkv7kzoTWFfSw=="
    },
    "adaptivecards-designer": {
      "version": "0.7.4",
      "resolved": "https://registry.npmjs.org/adaptivecards-designer/-/adaptivecards-designer-0.7.4.tgz",
      "integrity": "sha512-QhznvHkalyVHYw+m0uuozVpnBfvr/8HGxZrfiAAkHluGhJYiIeks2NC0LvMbIM2aydEdlckcYS/3pqEYroQX+g==",
      "requires": {
        "adaptivecards": "^1.3.0-alpha.5",
        "adaptivecards-controls": "^0.3.4",
        "adaptivecards-templating": "^0.1.1-alpha.1",
        "clipboard": "^2.0.1"
      }
    },
    "adaptivecards-templating": {
      "version": "0.1.1-alpha.1",
      "resolved": "https://registry.npmjs.org/adaptivecards-templating/-/adaptivecards-templating-0.1.1-alpha.1.tgz",
      "integrity": "sha512-pK34y5tcqmtcUZaaEK1EgrTLJX8yq6RYc2hp3x/IsLdDZm6pFGWliYD8pAQnJdyvblpxV82XTnAMhnBw0HUi7A=="
    },
    "clipboard": {
      "version": "2.0.6",
      "resolved": "https://registry.npmjs.org/clipboard/-/clipboard-2.0.6.tgz",
      "integrity": "sha512-g5zbiixBRk/wyKakSwCKd7vQXDjFnAMGHoEyBogG/bw9kTD9GvdAvaoRR1ALcEzt3pVKxZR0pViekPMIS0QyGg==",
      "requires": {
        "good-listener": "^1.2.2",
        "select": "^1.1.2",
        "tiny-emitter": "^2.0.0"
      }
    },
    "delegate": {
      "version": "3.2.0",
      "resolved": "https://registry.npmjs.org/delegate/-/delegate-3.2.0.tgz",
      "integrity": "sha512-IofjkYBZaZivn0V8nnsMJGBr4jVLxHDheKSW88PyxS5QC4Vo9ZbZVvhzlSxY87fVq3STR6r+4cGepyHkcWOQSw=="
    },
    "good-listener": {
      "version": "1.2.2",
      "resolved": "https://registry.npmjs.org/good-listener/-/good-listener-1.2.2.tgz",
      "integrity": "sha1-1TswzfkxPf+33JoNR3CWqm0UXFA=",
      "requires": {
        "delegate": "^3.1.2"
      }
    },
    "select": {
      "version": "1.1.2",
      "resolved": "https://registry.npmjs.org/select/-/select-1.1.2.tgz",
      "integrity": "sha1-DnNQrN7ICxEIUoeG7B1EGNEbOW0="
    },
    "tiny-emitter": {
      "version": "2.1.0",
      "resolved": "https://registry.npmjs.org/tiny-emitter/-/tiny-emitter-2.1.0.tgz",
      "integrity": "sha512-NB6Dk1A9xgQPMoGqC5CVXn123gWyte215ONT5Pp5a0yt4nlEoO1ZWeCwpncaekPHXO60i47ihFnZPiRPjRMq4Q=="
    }
  }
}
